{
    "name": "@test/pack-root",
    "lockfileVersion": 3,
    "requires": true,
    "packages": {
        "": {
            "name": "@test/pack-root",
            "workspaces": [
                "*"
            ]
        },
        "../../../node_modules/.pnpm/@master+css@2.0.0-beta.130/node_modules/@master/css": {
            "version": "2.0.0-beta.130",
            "license": "MIT",
            "dependencies": {
                "@master/keyframes.css": "^2.0.0-beta.130",
                "@master/normal.css": "^2.0.0-beta.130",
                "@techor/log": "^1.1.0",
                "chokidar": "^3.5.3",
                "commander": "^10.0.0",
                "fast-glob": "^3.2.12",
                "fs-extra": "^11.1.0"
            },
            "bin": {
                "mastercss": "dist/cjs/bin/index.js",
                "mcss": "dist/cjs/bin/index.js"
            },
            "devDependencies": {
                "to-extend": "^1.5.2",
                "ts-dedent": "^2.2.0"
            },
            "funding": {
                "url": "https://docs.master.co/css/donate"
            }
        },
        "../../../node_modules/.pnpm/@tsconfig+svelte@3.0.0/node_modules/@tsconfig/svelte": {
            "version": "3.0.0",
            "dev": true,
            "license": "MIT"
        },
        "../../../node_modules/.pnpm/esbuild@0.18.11/node_modules/esbuild": {
            "version": "0.18.11",
            "dev": true,
            "hasInstallScript": true,
            "license": "MIT",
            "bin": {
                "esbuild": "bin/esbuild"
            },
            "engines": {
                "node": ">=12"
            },
            "optionalDependencies": {
                "@esbuild/android-arm": "0.18.11",
                "@esbuild/android-arm64": "0.18.11",
                "@esbuild/android-x64": "0.18.11",
                "@esbuild/darwin-arm64": "0.18.11",
                "@esbuild/darwin-x64": "0.18.11",
                "@esbuild/freebsd-arm64": "0.18.11",
                "@esbuild/freebsd-x64": "0.18.11",
                "@esbuild/linux-arm": "0.18.11",
                "@esbuild/linux-arm64": "0.18.11",
                "@esbuild/linux-ia32": "0.18.11",
                "@esbuild/linux-loong64": "0.18.11",
                "@esbuild/linux-mips64el": "0.18.11",
                "@esbuild/linux-ppc64": "0.18.11",
                "@esbuild/linux-riscv64": "0.18.11",
                "@esbuild/linux-s390x": "0.18.11",
                "@esbuild/linux-x64": "0.18.11",
                "@esbuild/netbsd-x64": "0.18.11",
                "@esbuild/openbsd-x64": "0.18.11",
                "@esbuild/sunos-x64": "0.18.11",
                "@esbuild/win32-arm64": "0.18.11",
                "@esbuild/win32-ia32": "0.18.11",
                "@esbuild/win32-x64": "0.18.11"
            }
        },
        "../../../node_modules/.pnpm/pretty-bytes@6.1.0/node_modules/pretty-bytes": {
            "version": "6.1.0",
            "dev": true,
            "license": "MIT",
            "devDependencies": {
                "ava": "^4.0.1",
                "tsd": "^0.19.1",
                "xo": "^0.48.0"
            },
            "engines": {
                "node": "^14.13.1 || >=16.0.0"
            },
            "funding": {
                "url": "https://github.com/sponsors/sindresorhus"
            }
        },
        "../../../node_modules/.pnpm/svelte@3.0.0/node_modules/svelte": {
            "version": "3.0.0",
            "license": "MIT",
            "peer": true,
            "devDependencies": {
                "@sveltejs/svelte-repl": "0.0.5",
                "@types/mocha": "^5.2.0",
                "@types/node": "^10.5.5",
                "acorn": "^6.1.1",
                "acorn-dynamic-import": "^4.0.0",
                "agadoo": "^1.0.1",
                "c8": "^3.4.0",
                "codecov": "^3.0.0",
                "css-tree": "1.0.0-alpha22",
                "eslint": "^5.3.0",
                "eslint-plugin-html": "^5.0.0",
                "eslint-plugin-import": "^2.11.0",
                "estree-walker": "^0.6.0",
                "is-reference": "^1.1.1",
                "jsdom": "^12.2.0",
                "kleur": "^3.0.0",
                "locate-character": "^2.0.5",
                "magic-string": "^0.25.2",
                "mocha": "^5.2.0",
                "puppeteer": "^1.13.0",
                "rollup": "^1.1.2",
                "rollup-plugin-commonjs": "^9.1.0",
                "rollup-plugin-json": "^3.0.0",
                "rollup-plugin-node-resolve": "^4.0.0",
                "rollup-plugin-replace": "^2.0.0",
                "rollup-plugin-sucrase": "^2.1.0",
                "rollup-plugin-typescript": "^1.0.0",
                "rollup-plugin-virtual": "^1.0.1",
                "source-map": "0.6",
                "source-map-support": "^0.5.4",
                "tiny-glob": "^0.2.1",
                "ts-node": "^8.0.2",
                "tslib": "^1.8.0",
                "typescript": "^3.0.1"
            }
        },
        "../../../node_modules/.pnpm/typescript@4.9.5/node_modules/typescript": {
            "version": "4.9.5",
            "dev": true,
            "license": "Apache-2.0",
            "bin": {
                "tsc": "bin/tsc",
                "tsserver": "bin/tsserver"
            },
            "devDependencies": {
                "@octokit/rest": "latest",
                "@types/chai": "latest",
                "@types/fancy-log": "^2.0.0",
                "@types/fs-extra": "^9.0.13",
                "@types/glob": "latest",
                "@types/gulp": "^4.0.9",
                "@types/gulp-concat": "latest",
                "@types/gulp-newer": "latest",
                "@types/gulp-rename": "latest",
                "@types/gulp-sourcemaps": "latest",
                "@types/merge2": "latest",
                "@types/microsoft__typescript-etw": "latest",
                "@types/minimist": "latest",
                "@types/mkdirp": "latest",
                "@types/mocha": "latest",
                "@types/ms": "latest",
                "@types/node": "latest",
                "@types/source-map-support": "latest",
                "@types/which": "^2.0.1",
                "@types/xml2js": "^0.4.11",
                "@typescript-eslint/eslint-plugin": "^5.33.1",
                "@typescript-eslint/parser": "^5.33.1",
                "@typescript-eslint/utils": "^5.33.1",
                "azure-devops-node-api": "^11.2.0",
                "chai": "latest",
                "chalk": "^4.1.2",
                "del": "^6.1.1",
                "diff": "^5.1.0",
                "eslint": "^8.22.0",
                "eslint-formatter-autolinkable-stylish": "^1.2.0",
                "eslint-plugin-import": "^2.26.0",
                "eslint-plugin-jsdoc": "^39.3.6",
                "eslint-plugin-local": "^1.0.0",
                "eslint-plugin-no-null": "^1.0.2",
                "fancy-log": "latest",
                "fs-extra": "^9.1.0",
                "glob": "latest",
                "gulp": "^4.0.2",
                "gulp-concat": "latest",
                "gulp-insert": "latest",
                "gulp-newer": "latest",
                "gulp-rename": "latest",
                "gulp-sourcemaps": "latest",
                "merge2": "latest",
                "minimist": "latest",
                "mkdirp": "latest",
                "mocha": "latest",
                "mocha-fivemat-progress-reporter": "latest",
                "ms": "^2.1.3",
                "node-fetch": "^3.2.10",
                "source-map-support": "latest",
                "typescript": "^4.8.4",
                "vinyl": "latest",
                "which": "^2.0.2",
                "xml2js": "^0.4.23"
            },
            "engines": {
                "node": ">=4.2.0"
            }
        },
        "a": {
            "name": "@test/pack-a",
            "dependencies": {
                "@test/pack-b": ""
            }
        },
        "args-externals": {
            "name": "@test/args-externals"
        },
        "b": {
            "name": "@test/pack-b"
        },
        "c": {
            "name": "@test/pack-c",
            "peerDependencies": {
                "@test/pack-a": ""
            }
        },
        "css": {
            "name": "@test/css"
        },
        "css-args": {
            "name": "@test/css-args"
        },
        "css-bundle": {
            "name": "@test/css-bundle"
        },
        "dev-dependency": {
            "name": "@test/dev-dependency"
        },
        "entry-names": {
            "name": "@test/entry-names"
        },
        "exports": {
            "name": "@test/exports"
        },
        "external": {
            "name": "@test/external",
            "dependencies": {
                "@techor/log": ""
            },
            "devDependencies": {
                "@techor/is-plain-obj": ""
            },
            "peerDependencies": {
                "@techor/extend": ""
            }
        },
        "mts": {
            "name": "@test/options"
        },
        "multi-exports": {
            "name": "@test/multi-exports"
        },
        "node_modules/@techor/extend": {
            "version": "2.5.2",
            "resolved": "https://registry.npmjs.org/@techor/extend/-/extend-2.5.2.tgz",
            "integrity": "sha512-9xUgRmG0Lb3PrGzPIBZePzkzFTTGWkr74R1hZIwX0oCi13aE5gnLbMgvENzNP7VsBmhuG+7sQe4RQiZr/Vf8sQ==",
            "peer": true
        },
        "node_modules/@techor/is-plain-obj": {
            "version": "2.5.2",
            "resolved": "https://registry.npmjs.org/@techor/is-plain-obj/-/is-plain-obj-2.5.2.tgz",
            "integrity": "sha512-afzw1nxYls519eprjEK4tmLzQvO1waTAZ7RxzuKMG2n0s65z3gs+72wtYXlZINSGyXVDMBJvqxKHP/+B+faVOA==",
            "dev": true
        },
        "node_modules/@techor/log": {
            "version": "2.5.2",
            "resolved": "https://registry.npmjs.org/@techor/log/-/log-2.5.2.tgz",
            "integrity": "sha512-q8k6XG4zKYkXWcOsKNPzIq6ipuUo1XADyPxfGzGWO6WAlpPp28I7mborBUDUMukXgiuBeNkKVVZe4icXkDwAdg=="
        },
        "node_modules/@test/args-externals": {
            "resolved": "args-externals",
            "link": true
        },
        "node_modules/@test/css": {
            "resolved": "css",
            "link": true
        },
        "node_modules/@test/css-args": {
            "resolved": "css-args",
            "link": true
        },
        "node_modules/@test/css-bundle": {
            "resolved": "css-bundle",
            "link": true
        },
        "node_modules/@test/dev-dependency": {
            "resolved": "dev-dependency",
            "link": true
        },
        "node_modules/@test/entry-names": {
            "resolved": "entry-names",
            "link": true
        },
        "node_modules/@test/exports": {
            "resolved": "exports",
            "link": true
        },
        "node_modules/@test/external": {
            "resolved": "external",
            "link": true
        },
        "node_modules/@test/multi-exports": {
            "resolved": "multi-exports",
            "link": true
        },
        "node_modules/@test/options": {
            "resolved": "mts",
            "link": true
        },
        "node_modules/@test/pack-a": {
            "resolved": "a",
            "link": true
        },
        "node_modules/@test/pack-b": {
            "resolved": "b",
            "link": true
        },
        "node_modules/@test/pack-c": {
            "resolved": "c",
            "link": true
        },
        "node_modules/@test/specified-ext": {
            "resolved": "specified-ext",
            "link": true
        },
        "node_modules/@test/standard": {
            "resolved": "standard",
            "link": true
        },
        "node_modules/@test/svelte": {
            "resolved": "svelte",
            "link": true
        },
        "node_modules/@test/tsx": {
            "resolved": "tsx",
            "link": true
        },
        "node_modules/@test/type": {
            "resolved": "type",
            "link": true
        },
        "specified-ext": {
            "name": "@test/specified-ext"
        },
        "standard": {
            "name": "@test/standard",
            "dependencies": {
                "@techor/log": ""
            },
            "devDependencies": {
                "@techor/is-plain-obj": "",
                "@test/dev-dependency": "",
                "esbuild": "^0.18.11",
                "pretty-bytes": "^6.1.0",
                "typescript": "^4.9.5"
            },
            "peerDependencies": {
                "@techor/extend": ""
            }
        },
        "standard/node_modules/esbuild": {
            "resolved": "../../../node_modules/.pnpm/esbuild@0.18.11/node_modules/esbuild",
            "link": true
        },
        "standard/node_modules/pretty-bytes": {
            "resolved": "../../../node_modules/.pnpm/pretty-bytes@6.1.0/node_modules/pretty-bytes",
            "link": true
        },
        "standard/node_modules/typescript": {
            "resolved": "../../../node_modules/.pnpm/typescript@4.9.5/node_modules/typescript",
            "link": true
        },
        "svelte": {
            "name": "@test/svelte",
            "dependencies": {
                "@master/css": "^2.0.0-beta.130"
            },
            "devDependencies": {
                "@tsconfig/svelte": "^3.0.0"
            },
            "peerDependencies": {
                "svelte": ">= 3.0.0"
            }
        },
        "svelte/node_modules/@master/css": {
            "resolved": "../../../node_modules/.pnpm/@master+css@2.0.0-beta.130/node_modules/@master/css",
            "link": true
        },
        "svelte/node_modules/@tsconfig/svelte": {
            "resolved": "../../../node_modules/.pnpm/@tsconfig+svelte@3.0.0/node_modules/@tsconfig/svelte",
            "link": true
        },
        "svelte/node_modules/svelte": {
            "resolved": "../../../node_modules/.pnpm/svelte@3.0.0/node_modules/svelte",
            "link": true
        },
        "tsx": {
            "name": "@test/tsx"
        },
        "type": {
            "name": "@test/type"
        }
    }
}
