{
    "name": "root",
    "lockfileVersion": 2,
    "requires": true,
    "packages": {
        "": {
            "name": "root",
            "workspaces": [
                "packages/**"
            ]
        },
        "node_modules/@master/css": {
            "version": "2.0.0-beta.84",
            "resolved": "https://registry.npmjs.org/@master/css/-/css-2.0.0-beta.84.tgz",
            "integrity": "sha512-USMLIvFtlQbUOHBYfgcpaUM9AGn7pX4ngKtO0ZTiH4ROwCt5u49vpaw1foD54sSQh7/N9udxIpR0sAc8XMTfyQ==",
            "dependencies": {
                "@master/keyframes.css": "^2.0.0-beta.84",
                "@master/normal.css": "^2.0.0-beta.84"
            },
            "funding": {
                "url": "https://docs.master.co/css/donate"
            }
        },
        "node_modules/@master/keyframes.css": {
            "version": "2.0.0-beta.84",
            "resolved": "https://registry.npmjs.org/@master/keyframes.css/-/keyframes.css-2.0.0-beta.84.tgz",
            "integrity": "sha512-mFjgzNV9iFfxiFixhrXICJhiO1ezDIAuY4d0ziOjULXQFukxOXxJCzoUO6MhrYdADPcdWl97QVsgwpk+czr/1A==",
            "funding": {
                "url": "https://docs.master.co/css/donate"
            }
        },
        "node_modules/@master/normal.css": {
            "version": "2.0.0-beta.84",
            "resolved": "https://registry.npmjs.org/@master/normal.css/-/normal.css-2.0.0-beta.84.tgz",
            "integrity": "sha512-m6QO9BSmY+Wu3FGbexdiOYrMwRDavUTkfqHVP1pttTm9Y9ojVIFu1dxhYh/gEtgKDRWX7Kub4Cb+XDzA2Dn+0Q==",
            "funding": {
                "url": "https://docs.master.co/css/donate"
            }
        },
        "node_modules/a": {
            "resolved": "packages/a",
            "link": true
        },
        "node_modules/b": {
            "resolved": "packages/b",
            "link": true
        },
        "node_modules/bb": {
            "resolved": "packages/b/bb",
            "link": true
        },
        "packages/a": {},
        "packages/b": {
            "dependencies": {
                "@master/css": "^2.0.0-beta.84"
            }
        },
        "packages/b/bb": {}
    },
    "dependencies": {
        "@master/css": {
            "version": "2.0.0-beta.84",
            "resolved": "https://registry.npmjs.org/@master/css/-/css-2.0.0-beta.84.tgz",
            "integrity": "sha512-USMLIvFtlQbUOHBYfgcpaUM9AGn7pX4ngKtO0ZTiH4ROwCt5u49vpaw1foD54sSQh7/N9udxIpR0sAc8XMTfyQ==",
            "requires": {
                "@master/keyframes.css": "^2.0.0-beta.84",
                "@master/normal.css": "^2.0.0-beta.84"
            }
        },
        "@master/keyframes.css": {
            "version": "2.0.0-beta.84",
            "resolved": "https://registry.npmjs.org/@master/keyframes.css/-/keyframes.css-2.0.0-beta.84.tgz",
            "integrity": "sha512-mFjgzNV9iFfxiFixhrXICJhiO1ezDIAuY4d0ziOjULXQFukxOXxJCzoUO6MhrYdADPcdWl97QVsgwpk+czr/1A=="
        },
        "@master/normal.css": {
            "version": "2.0.0-beta.84",
            "resolved": "https://registry.npmjs.org/@master/normal.css/-/normal.css-2.0.0-beta.84.tgz",
            "integrity": "sha512-m6QO9BSmY+Wu3FGbexdiOYrMwRDavUTkfqHVP1pttTm9Y9ojVIFu1dxhYh/gEtgKDRWX7Kub4Cb+XDzA2Dn+0Q=="
        },
        "a": {
            "version": "file:packages/a"
        },
        "b": {
            "version": "file:packages/b",
            "requires": {
                "@master/css": "^2.0.0-beta.84"
            }
        },
        "bb": {
            "version": "file:packages/b/bb"
        }
    }
}
